{
  "name": "js-tech-test",
  "version": "1.0.0",
  "lockfileVersion": 1,
  "requires": true,
  "dependencies": {
    "axios": {
      "version": "0.18.0",
      "resolved": "https://registry.npmjs.org/axios/-/axios-0.18.0.tgz",
      "integrity": "sha1-MtU+SFHv3AoRmTts0AB4nXDAUQI=",
      "requires": {
        "follow-redirects": "^1.3.0",
        "is-buffer": "^1.1.5"
      }
    },
    "camel-case": {
      "version": "3.0.0",
      "resolved": "https://registry.npmjs.org/camel-case/-/camel-case-3.0.0.tgz",
      "integrity": "sha1-yjw2iKTpzzpM2nd9xNy8cTJJz3M=",
      "requires": {
        "no-case": "^2.2.0",
        "upper-case": "^1.1.1"
      }
    },
    "debug": {
      "version": "3.1.0",
      "resolved": "https://registry.npmjs.org/debug/-/debug-3.1.0.tgz",
      "integrity": "sha512-OX8XqP7/1a9cqkxYw2yXss15f26NKWBpDXQd0/uK/KPqdQhxbPa994hnzjcE2VqQpDslf55723cKPUOGSmMY3g==",
      "requires": {
        "ms": "2.0.0"
      }
    },
    "deprecate": {
      "version": "1.0.0",
      "resolved": "https://registry.npmjs.org/deprecate/-/deprecate-1.0.0.tgz",
      "integrity": "sha1-ZhSQ7SQokWpsiIPYg05WRvTkpKg="
    },
    "docker-machine": {
      "version": "3.0.0",
      "resolved": "https://registry.npmjs.org/docker-machine/-/docker-machine-3.0.0.tgz",
      "integrity": "sha512-HUtaMfofk9fm+rR/ZOxKyhnY4CN/4Pdb7Nr95b1t9XnzTDzq0UuX09eiJBejoVOGAh08Mrpukzcr5copQwktMw==",
      "requires": {
        "camel-case": "~3.0.0",
        "deprecate": "~1.0.0",
        "run-parallel-limit": "~1.0.3",
        "xtend": "~4.0.1"
      }
    },
    "follow-redirects": {
      "version": "1.6.1",
      "resolved": "https://registry.npmjs.org/follow-redirects/-/follow-redirects-1.6.1.tgz",
      "integrity": "sha512-t2JCjbzxQpWvbhts3l6SH1DKzSrx8a+SsaVf4h6bG4kOXUuPYS/kg2Lr4gQSb7eemaHqJkOThF1BGyjlUkO1GQ==",
      "requires": {
        "debug": "=3.1.0"
      }
    },
    "is-buffer": {
      "version": "1.1.6",
      "resolved": "https://registry.npmjs.org/is-buffer/-/is-buffer-1.1.6.tgz",
      "integrity": "sha512-NcdALwpXkTm5Zvvbk7owOUSvVvBKDgKP5/ewfXEznmQFfs4ZRmanOeKBTjRVjka3QFoN6XJ+9F3USqfHqTaU5w=="
    },
    "lower-case": {
      "version": "1.1.4",
      "resolved": "https://registry.npmjs.org/lower-case/-/lower-case-1.1.4.tgz",
      "integrity": "sha1-miyr0bno4K6ZOkv31YdcOcQujqw="
    },
    "ms": {
      "version": "2.0.0",
      "resolved": "https://registry.npmjs.org/ms/-/ms-2.0.0.tgz",
      "integrity": "sha1-VgiurfwAvmwpAd9fmGF4jeDVl8g="
    },
    "no-case": {
      "version": "2.3.2",
      "resolved": "https://registry.npmjs.org/no-case/-/no-case-2.3.2.tgz",
      "integrity": "sha512-rmTZ9kz+f3rCvK2TD1Ue/oZlns7OGoIWP4fc3llxxRXlOkHKoWPPWJOfFYpITabSow43QJbRIoHQXtt10VldyQ==",
      "requires": {
        "lower-case": "^1.1.1"
      }
    },
    "reactjs-popup": {
      "version": "1.3.2",
      "resolved": "https://registry.npmjs.org/reactjs-popup/-/reactjs-popup-1.3.2.tgz",
      "integrity": "sha512-BwfaOkKpLHNHxSmiMcX/yc61twJvjGbJ/SBE+fYovJudFlaZDYXGPSp+3dTCE0UoNsEqF8oc/pNkYlGgmrnsrw=="
    },
    "run-parallel-limit": {
      "version": "1.0.5",
      "resolved": "https://registry.npmjs.org/run-parallel-limit/-/run-parallel-limit-1.0.5.tgz",
      "integrity": "sha512-NsY+oDngvrvMxKB3G8ijBzIema6aYbQMD2bHOamvN52BysbIGTnEY2xsNyfrcr9GhY995/t/0nQN3R3oZvaDlg=="
    },
    "upper-case": {
      "version": "1.1.3",
      "resolved": "https://registry.npmjs.org/upper-case/-/upper-case-1.1.3.tgz",
      "integrity": "sha1-9rRQHC7EzdJrp4vnIilh3ndiFZg="
    },
    "xtend": {
      "version": "4.0.1",
      "resolved": "https://registry.npmjs.org/xtend/-/xtend-4.0.1.tgz",
      "integrity": "sha1-pcbVMr5lbiPbgg77lDofBJmNY68="
    }
  }
}
